
Microsoft Visual Studio Solution File, Format Version 12.00
# Visual Studio Version 16
VisualStudioVersion = 16.0.30907.101
MinimumVisualStudioVersion = 10.0.40219.1
Project("{FAE04EC0-301F-11D3-BF4B-00C04F79EFBC}") = "Mindwave-Console", "Mindwave-Console\Mindwave-Console.csproj", "{CC4E3A64-610F-42F7-9E65-6C955D92ED3A}"
EndProject
Global
	GlobalSection(SolutionConfigurationPlatforms) = preSolution
		Debug|Any CPU = Debug|Any CPU
		Release|Any CPU = Release|Any CPU
	EndGlobalSection
	GlobalSection(ProjectConfigurationPlatforms) = postSolution
		{CC4E3A64-610F-42F7-9E65-6C955D92ED3A}.Debug|Any CPU.ActiveCfg = Debug|Any CPU
		{CC4E3A64-610F-42F7-9E65-6C955D92ED3A}.Debug|Any CPU.Build.0 = Debug|Any CPU
		{CC4E3A64-610F-42F7-9E65-6C955D92ED3A}.Release|Any CPU.ActiveCfg = Release|Any CPU
		{CC4E3A64-610F-42F7-9E65-6C955D92ED3A}.Release|Any CPU.Build.0 = Release|Any CPU
	EndGlobalSection
	GlobalSection(SolutionProperties) = preSolution
		HideSolutionNode = FALSE
	EndGlobalSection
	GlobalSection(ExtensibilityGlobals) = postSolution
		SolutionGuid = {4ECA7B0D-17B1-4688-93B9-DC395AE626F9}
	EndGlobalSection
EndGlobal
